
Microsoft Visual Studio Solution File, Format Version 12.00
# Visual Studio Version 18
VisualStudioVersion = 18.0.11121.172 d18.0
MinimumVisualStudioVersion = 10.0.40219.1
Project("{2150E333-8FDC-42A3-9474-1A3956D46DE8}") = "1.PRESENTACION", "1.PRESENTACION", "{9293663A-CC2C-4911-90EC-B85D92342CBD}"
EndProject
Project("{2150E333-8FDC-42A3-9474-1A3956D46DE8}") = "2.APLICACION", "2.APLICACION", "{6708231A-53A0-4ECF-809A-007BBB5F94FC}"
EndProject
Project("{2150E333-8FDC-42A3-9474-1A3956D46DE8}") = "3.DOMINIO", "3.DOMINIO", "{DBDE6E6B-F288-44AB-B4D5-44B5F9E57151}"
EndProject
Project("{2150E333-8FDC-42A3-9474-1A3956D46DE8}") = "4.INFRAESTRUCTURA", "4.INFRAESTRUCTURA", "{A0477DBE-A26C-432A-951B-59E31CD67FE2}"
EndProject
Project("{2150E333-8FDC-42A3-9474-1A3956D46DE8}") = "1.1 WEB", "1.1 WEB", "{46640616-7168-42EE-B4A4-BA807EBAB401}"
EndProject
Project("{2150E333-8FDC-42A3-9474-1A3956D46DE8}") = "1.2 APIS", "1.2 APIS", "{05F1185F-D051-4058-AA60-ED1DB6BCBF35}"
EndProject
Project("{FAE04EC0-301F-11D3-BF4B-00C04F79EFBC}") = "COM.PRUEBA.DOMAIN", "COM.PRUEBA.DOMAIN\COM.PRUEBA.DOMAIN.csproj", "{FBA850CB-BF6B-4F92-9FE0-4EF424B7CBF9}"
EndProject
Project("{FAE04EC0-301F-11D3-BF4B-00C04F79EFBC}") = "COM.PRUEBA.APLICACION.SERVICE", "COM.PRUEBA.APLICACION.SERVICE\COM.PRUEBA.APLICACION.SERVICE.csproj", "{A8D407AB-BE00-428A-A524-8C7A768C169C}"
EndProject
Project("{FAE04EC0-301F-11D3-BF4B-00C04F79EFBC}") = "COM.PRUEBA.QUERY.SERVICE", "COM.PRUEBA.QUERY.SERVICE\COM.PRUEBA.QUERY.SERVICE.csproj", "{EA6953F2-018A-42E0-8FC7-03DCD9A9B5B4}"
EndProject
Project("{FAE04EC0-301F-11D3-BF4B-00C04F79EFBC}") = "COM.PRUEBA.QUERY", "COM.PRUEBA.QUERY\COM.PRUEBA.QUERY.csproj", "{7D360DD3-EC3A-49C2-9816-DD830131345B}"
EndProject
Project("{FAE04EC0-301F-11D3-BF4B-00C04F79EFBC}") = "PRUEBA.AUTH.API", "PRUEBA.AUTH.API\PRUEBA.AUTH.API.csproj", "{9DA24081-C3C0-4019-A9EC-4C39F31A3EF5}"
EndProject
Project("{FAE04EC0-301F-11D3-BF4B-00C04F79EFBC}") = "COM.PRUEBA.APLICACION", "COM.PRUEBA.APLICACION\COM.PRUEBA.APLICACION.csproj", "{FA39DAB4-16D8-4B6F-BB89-E8905412ABE6}"
EndProject
Project("{FAE04EC0-301F-11D3-BF4B-00C04F79EFBC}") = "PRUEBA.COMMON.PRESENTACION", "PRUEBA.COMMON.PRESENTACION\PRUEBA.COMMON.PRESENTACION.csproj", "{15F9C737-254C-4820-AD91-1081D3DE00E3}"
EndProject
Project("{FAE04EC0-301F-11D3-BF4B-00C04F79EFBC}") = "PRUEBA.ADMIN.API", "PRUEBA.ADMIN.API\PRUEBA.ADMIN.API.csproj", "{8DBF9E7D-DDF6-4F26-A015-B286ACDC644E}"
EndProject
Project("{FAE04EC0-301F-11D3-BF4B-00C04F79EFBC}") = "PRUEBA.TRANSAC.API", "PRUEBA.TRANSAC.API\PRUEBA.TRANSAC.API.csproj", "{0CC2F97A-F6AD-4A4C-9B56-E5CC0E26CC86}"
EndProject
Global
	GlobalSection(SolutionConfigurationPlatforms) = preSolution
		Debug|Any CPU = Debug|Any CPU
		Debug|x64 = Debug|x64
		Debug|x86 = Debug|x86
		Release|Any CPU = Release|Any CPU
		Release|x64 = Release|x64
		Release|x86 = Release|x86
	EndGlobalSection
	GlobalSection(ProjectConfigurationPlatforms) = postSolution
		{FBA850CB-BF6B-4F92-9FE0-4EF424B7CBF9}.Debug|Any CPU.ActiveCfg = Debug|Any CPU
		{FBA850CB-BF6B-4F92-9FE0-4EF424B7CBF9}.Debug|Any CPU.Build.0 = Debug|Any CPU
		{FBA850CB-BF6B-4F92-9FE0-4EF424B7CBF9}.Debug|x64.ActiveCfg = Debug|Any CPU
		{FBA850CB-BF6B-4F92-9FE0-4EF424B7CBF9}.Debug|x64.Build.0 = Debug|Any CPU
		{FBA850CB-BF6B-4F92-9FE0-4EF424B7CBF9}.Debug|x86.ActiveCfg = Debug|Any CPU
		{FBA850CB-BF6B-4F92-9FE0-4EF424B7CBF9}.Debug|x86.Build.0 = Debug|Any CPU
		{FBA850CB-BF6B-4F92-9FE0-4EF424B7CBF9}.Release|Any CPU.ActiveCfg = Release|Any CPU
		{FBA850CB-BF6B-4F92-9FE0-4EF424B7CBF9}.Release|Any CPU.Build.0 = Release|Any CPU
		{FBA850CB-BF6B-4F92-9FE0-4EF424B7CBF9}.Release|x64.ActiveCfg = Release|Any CPU
		{FBA850CB-BF6B-4F92-9FE0-4EF424B7CBF9}.Release|x64.Build.0 = Release|Any CPU
		{FBA850CB-BF6B-4F92-9FE0-4EF424B7CBF9}.Release|x86.ActiveCfg = Release|Any CPU
		{FBA850CB-BF6B-4F92-9FE0-4EF424B7CBF9}.Release|x86.Build.0 = Release|Any CPU
		{A8D407AB-BE00-428A-A524-8C7A768C169C}.Debug|Any CPU.ActiveCfg = Debug|Any CPU
		{A8D407AB-BE00-428A-A524-8C7A768C169C}.Debug|Any CPU.Build.0 = Debug|Any CPU
		{A8D407AB-BE00-428A-A524-8C7A768C169C}.Debug|x64.ActiveCfg = Debug|Any CPU
		{A8D407AB-BE00-428A-A524-8C7A768C169C}.Debug|x64.Build.0 = Debug|Any CPU
		{A8D407AB-BE00-428A-A524-8C7A768C169C}.Debug|x86.ActiveCfg = Debug|Any CPU
		{A8D407AB-BE00-428A-A524-8C7A768C169C}.Debug|x86.Build.0 = Debug|Any CPU
		{A8D407AB-BE00-428A-A524-8C7A768C169C}.Release|Any CPU.ActiveCfg = Release|Any CPU
		{A8D407AB-BE00-428A-A524-8C7A768C169C}.Release|Any CPU.Build.0 = Release|Any CPU
		{A8D407AB-BE00-428A-A524-8C7A768C169C}.Release|x64.ActiveCfg = Release|Any CPU
		{A8D407AB-BE00-428A-A524-8C7A768C169C}.Release|x64.Build.0 = Release|Any CPU
		{A8D407AB-BE00-428A-A524-8C7A768C169C}.Release|x86.ActiveCfg = Release|Any CPU
		{A8D407AB-BE00-428A-A524-8C7A768C169C}.Release|x86.Build.0 = Release|Any CPU
		{EA6953F2-018A-42E0-8FC7-03DCD9A9B5B4}.Debug|Any CPU.ActiveCfg = Debug|Any CPU
		{EA6953F2-018A-42E0-8FC7-03DCD9A9B5B4}.Debug|Any CPU.Build.0 = Debug|Any CPU
		{EA6953F2-018A-42E0-8FC7-03DCD9A9B5B4}.Debug|x64.ActiveCfg = Debug|Any CPU
		{EA6953F2-018A-42E0-8FC7-03DCD9A9B5B4}.Debug|x64.Build.0 = Debug|Any CPU
		{EA6953F2-018A-42E0-8FC7-03DCD9A9B5B4}.Debug|x86.ActiveCfg = Debug|Any CPU
		{EA6953F2-018A-42E0-8FC7-03DCD9A9B5B4}.Debug|x86.Build.0 = Debug|Any CPU
		{EA6953F2-018A-42E0-8FC7-03DCD9A9B5B4}.Release|Any CPU.ActiveCfg = Release|Any CPU
		{EA6953F2-018A-42E0-8FC7-03DCD9A9B5B4}.Release|Any CPU.Build.0 = Release|Any CPU
		{EA6953F2-018A-42E0-8FC7-03DCD9A9B5B4}.Release|x64.ActiveCfg = Release|Any CPU
		{EA6953F2-018A-42E0-8FC7-03DCD9A9B5B4}.Release|x64.Build.0 = Release|Any CPU
		{EA6953F2-018A-42E0-8FC7-03DCD9A9B5B4}.Release|x86.ActiveCfg = Release|Any CPU
		{EA6953F2-018A-42E0-8FC7-03DCD9A9B5B4}.Release|x86.Build.0 = Release|Any CPU
		{7D360DD3-EC3A-49C2-9816-DD830131345B}.Debug|Any CPU.ActiveCfg = Debug|Any CPU
		{7D360DD3-EC3A-49C2-9816-DD830131345B}.Debug|Any CPU.Build.0 = Debug|Any CPU
		{7D360DD3-EC3A-49C2-9816-DD830131345B}.Debug|x64.ActiveCfg = Debug|Any CPU
		{7D360DD3-EC3A-49C2-9816-DD830131345B}.Debug|x64.Build.0 = Debug|Any CPU
		{7D360DD3-EC3A-49C2-9816-DD830131345B}.Debug|x86.ActiveCfg = Debug|Any CPU
		{7D360DD3-EC3A-49C2-9816-DD830131345B}.Debug|x86.Build.0 = Debug|Any CPU
		{7D360DD3-EC3A-49C2-9816-DD830131345B}.Release|Any CPU.ActiveCfg = Release|Any CPU
		{7D360DD3-EC3A-49C2-9816-DD830131345B}.Release|Any CPU.Build.0 = Release|Any CPU
		{7D360DD3-EC3A-49C2-9816-DD830131345B}.Release|x64.ActiveCfg = Release|Any CPU
		{7D360DD3-EC3A-49C2-9816-DD830131345B}.Release|x64.Build.0 = Release|Any CPU
		{7D360DD3-EC3A-49C2-9816-DD830131345B}.Release|x86.ActiveCfg = Release|Any CPU
		{7D360DD3-EC3A-49C2-9816-DD830131345B}.Release|x86.Build.0 = Release|Any CPU
		{9DA24081-C3C0-4019-A9EC-4C39F31A3EF5}.Debug|Any CPU.ActiveCfg = Debug|Any CPU
		{9DA24081-C3C0-4019-A9EC-4C39F31A3EF5}.Debug|Any CPU.Build.0 = Debug|Any CPU
		{9DA24081-C3C0-4019-A9EC-4C39F31A3EF5}.Debug|x64.ActiveCfg = Debug|Any CPU
		{9DA24081-C3C0-4019-A9EC-4C39F31A3EF5}.Debug|x64.Build.0 = Debug|Any CPU
		{9DA24081-C3C0-4019-A9EC-4C39F31A3EF5}.Debug|x86.ActiveCfg = Debug|Any CPU
		{9DA24081-C3C0-4019-A9EC-4C39F31A3EF5}.Debug|x86.Build.0 = Debug|Any CPU
		{9DA24081-C3C0-4019-A9EC-4C39F31A3EF5}.Release|Any CPU.ActiveCfg = Release|Any CPU
		{9DA24081-C3C0-4019-A9EC-4C39F31A3EF5}.Release|Any CPU.Build.0 = Release|Any CPU
		{9DA24081-C3C0-4019-A9EC-4C39F31A3EF5}.Release|x64.ActiveCfg = Release|Any CPU
		{9DA24081-C3C0-4019-A9EC-4C39F31A3EF5}.Release|x64.Build.0 = Release|Any CPU
		{9DA24081-C3C0-4019-A9EC-4C39F31A3EF5}.Release|x86.ActiveCfg = Release|Any CPU
		{9DA24081-C3C0-4019-A9EC-4C39F31A3EF5}.Release|x86.Build.0 = Release|Any CPU
		{FA39DAB4-16D8-4B6F-BB89-E8905412ABE6}.Debug|Any CPU.ActiveCfg = Debug|Any CPU
		{FA39DAB4-16D8-4B6F-BB89-E8905412ABE6}.Debug|Any CPU.Build.0 = Debug|Any CPU
		{FA39DAB4-16D8-4B6F-BB89-E8905412ABE6}.Debug|x64.ActiveCfg = Debug|Any CPU
		{FA39DAB4-16D8-4B6F-BB89-E8905412ABE6}.Debug|x64.Build.0 = Debug|Any CPU
		{FA39DAB4-16D8-4B6F-BB89-E8905412ABE6}.Debug|x86.ActiveCfg = Debug|Any CPU
		{FA39DAB4-16D8-4B6F-BB89-E8905412ABE6}.Debug|x86.Build.0 = Debug|Any CPU
		{FA39DAB4-16D8-4B6F-BB89-E8905412ABE6}.Release|Any CPU.ActiveCfg = Release|Any CPU
		{FA39DAB4-16D8-4B6F-BB89-E8905412ABE6}.Release|Any CPU.Build.0 = Release|Any CPU
		{FA39DAB4-16D8-4B6F-BB89-E8905412ABE6}.Release|x64.ActiveCfg = Release|Any CPU
		{FA39DAB4-16D8-4B6F-BB89-E8905412ABE6}.Release|x64.Build.0 = Release|Any CPU
		{FA39DAB4-16D8-4B6F-BB89-E8905412ABE6}.Release|x86.ActiveCfg = Release|Any CPU
		{FA39DAB4-16D8-4B6F-BB89-E8905412ABE6}.Release|x86.Build.0 = Release|Any CPU
		{15F9C737-254C-4820-AD91-1081D3DE00E3}.Debug|Any CPU.ActiveCfg = Debug|Any CPU
		{15F9C737-254C-4820-AD91-1081D3DE00E3}.Debug|Any CPU.Build.0 = Debug|Any CPU
		{15F9C737-254C-4820-AD91-1081D3DE00E3}.Debug|x64.ActiveCfg = Debug|Any CPU
		{15F9C737-254C-4820-AD91-1081D3DE00E3}.Debug|x64.Build.0 = Debug|Any CPU
		{15F9C737-254C-4820-AD91-1081D3DE00E3}.Debug|x86.ActiveCfg = Debug|Any CPU
		{15F9C737-254C-4820-AD91-1081D3DE00E3}.Debug|x86.Build.0 = Debug|Any CPU
		{15F9C737-254C-4820-AD91-1081D3DE00E3}.Release|Any CPU.ActiveCfg = Release|Any CPU
		{15F9C737-254C-4820-AD91-1081D3DE00E3}.Release|Any CPU.Build.0 = Release|Any CPU
		{15F9C737-254C-4820-AD91-1081D3DE00E3}.Release|x64.ActiveCfg = Release|Any CPU
		{15F9C737-254C-4820-AD91-1081D3DE00E3}.Release|x64.Build.0 = Release|Any CPU
		{15F9C737-254C-4820-AD91-1081D3DE00E3}.Release|x86.ActiveCfg = Release|Any CPU
		{15F9C737-254C-4820-AD91-1081D3DE00E3}.Release|x86.Build.0 = Release|Any CPU
		{8DBF9E7D-DDF6-4F26-A015-B286ACDC644E}.Debug|Any CPU.ActiveCfg = Debug|Any CPU
		{8DBF9E7D-DDF6-4F26-A015-B286ACDC644E}.Debug|Any CPU.Build.0 = Debug|Any CPU
		{8DBF9E7D-DDF6-4F26-A015-B286ACDC644E}.Debug|x64.ActiveCfg = Debug|Any CPU
		{8DBF9E7D-DDF6-4F26-A015-B286ACDC644E}.Debug|x64.Build.0 = Debug|Any CPU
		{8DBF9E7D-DDF6-4F26-A015-B286ACDC644E}.Debug|x86.ActiveCfg = Debug|Any CPU
		{8DBF9E7D-DDF6-4F26-A015-B286ACDC644E}.Debug|x86.Build.0 = Debug|Any CPU
		{8DBF9E7D-DDF6-4F26-A015-B286ACDC644E}.Release|Any CPU.ActiveCfg = Release|Any CPU
		{8DBF9E7D-DDF6-4F26-A015-B286ACDC644E}.Release|Any CPU.Build.0 = Release|Any CPU
		{8DBF9E7D-DDF6-4F26-A015-B286ACDC644E}.Release|x64.ActiveCfg = Release|Any CPU
		{8DBF9E7D-DDF6-4F26-A015-B286ACDC644E}.Release|x64.Build.0 = Release|Any CPU
		{8DBF9E7D-DDF6-4F26-A015-B286ACDC644E}.Release|x86.ActiveCfg = Release|Any CPU
		{8DBF9E7D-DDF6-4F26-A015-B286ACDC644E}.Release|x86.Build.0 = Release|Any CPU
		{0CC2F97A-F6AD-4A4C-9B56-E5CC0E26CC86}.Debug|Any CPU.ActiveCfg = Debug|Any CPU
		{0CC2F97A-F6AD-4A4C-9B56-E5CC0E26CC86}.Debug|Any CPU.Build.0 = Debug|Any CPU
		{0CC2F97A-F6AD-4A4C-9B56-E5CC0E26CC86}.Debug|x64.ActiveCfg = Debug|Any CPU
		{0CC2F97A-F6AD-4A4C-9B56-E5CC0E26CC86}.Debug|x64.Build.0 = Debug|Any CPU
		{0CC2F97A-F6AD-4A4C-9B56-E5CC0E26CC86}.Debug|x86.ActiveCfg = Debug|Any CPU
		{0CC2F97A-F6AD-4A4C-9B56-E5CC0E26CC86}.Debug|x86.Build.0 = Debug|Any CPU
		{0CC2F97A-F6AD-4A4C-9B56-E5CC0E26CC86}.Release|Any CPU.ActiveCfg = Release|Any CPU
		{0CC2F97A-F6AD-4A4C-9B56-E5CC0E26CC86}.Release|Any CPU.Build.0 = Release|Any CPU
		{0CC2F97A-F6AD-4A4C-9B56-E5CC0E26CC86}.Release|x64.ActiveCfg = Release|Any CPU
		{0CC2F97A-F6AD-4A4C-9B56-E5CC0E26CC86}.Release|x64.Build.0 = Release|Any CPU
		{0CC2F97A-F6AD-4A4C-9B56-E5CC0E26CC86}.Release|x86.ActiveCfg = Release|Any CPU
		{0CC2F97A-F6AD-4A4C-9B56-E5CC0E26CC86}.Release|x86.Build.0 = Release|Any CPU
	EndGlobalSection
	GlobalSection(SolutionProperties) = preSolution
		HideSolutionNode = FALSE
	EndGlobalSection
	GlobalSection(NestedProjects) = preSolution
		{46640616-7168-42EE-B4A4-BA807EBAB401} = {9293663A-CC2C-4911-90EC-B85D92342CBD}
		{05F1185F-D051-4058-AA60-ED1DB6BCBF35} = {9293663A-CC2C-4911-90EC-B85D92342CBD}
		{FBA850CB-BF6B-4F92-9FE0-4EF424B7CBF9} = {DBDE6E6B-F288-44AB-B4D5-44B5F9E57151}
		{A8D407AB-BE00-428A-A524-8C7A768C169C} = {6708231A-53A0-4ECF-809A-007BBB5F94FC}
		{EA6953F2-018A-42E0-8FC7-03DCD9A9B5B4} = {A0477DBE-A26C-432A-951B-59E31CD67FE2}
		{7D360DD3-EC3A-49C2-9816-DD830131345B} = {A0477DBE-A26C-432A-951B-59E31CD67FE2}
		{9DA24081-C3C0-4019-A9EC-4C39F31A3EF5} = {05F1185F-D051-4058-AA60-ED1DB6BCBF35}
		{FA39DAB4-16D8-4B6F-BB89-E8905412ABE6} = {6708231A-53A0-4ECF-809A-007BBB5F94FC}
		{15F9C737-254C-4820-AD91-1081D3DE00E3} = {05F1185F-D051-4058-AA60-ED1DB6BCBF35}
		{8DBF9E7D-DDF6-4F26-A015-B286ACDC644E} = {05F1185F-D051-4058-AA60-ED1DB6BCBF35}
		{0CC2F97A-F6AD-4A4C-9B56-E5CC0E26CC86} = {05F1185F-D051-4058-AA60-ED1DB6BCBF35}
	EndGlobalSection
	GlobalSection(ExtensibilityGlobals) = postSolution
		SolutionGuid = {D279F2C1-0233-4446-8F7E-92F3A1B1861C}
	EndGlobalSection
EndGlobal
